
Microsoft Visual Studio Solution File, Format Version 12.00
# Visual Studio Version 16
VisualStudioVersion = 16.0.34407.143
MinimumVisualStudioVersion = 10.0.40219.1
Project("{FAE04EC0-301F-11D3-BF4B-00C04F79EFBC}") = "Linkrealms-Extractor", "Linkrealms-Extractor.csproj", "{417A4153-4192-426C-8543-123A4A18D22F}"
EndProject
Global
	GlobalSection(SolutionConfigurationPlatforms) = preSolution
		Debug|Any CPU = Debug|Any CPU
		Release|Any CPU = Release|Any CPU
	EndGlobalSection
	GlobalSection(ProjectConfigurationPlatforms) = postSolution
		{417A4153-4192-426C-8543-123A4A18D22F}.Debug|Any CPU.ActiveCfg = Debug|Any CPU
		{417A4153-4192-426C-8543-123A4A18D22F}.Debug|Any CPU.Build.0 = Debug|Any CPU
		{417A4153-4192-426C-8543-123A4A18D22F}.Release|Any CPU.ActiveCfg = Release|Any CPU
		{417A4153-4192-426C-8543-123A4A18D22F}.Release|Any CPU.Build.0 = Release|Any CPU
	EndGlobalSection
	GlobalSection(SolutionProperties) = preSolution
		HideSolutionNode = FALSE
	EndGlobalSection
	GlobalSection(ExtensibilityGlobals) = postSolution
		SolutionGuid = {C763ABE9-83D5-4CF0-9F51-30A7A2B2D99F}
	EndGlobalSection
EndGlobal
